
Microsoft Visual Studio Solution File, Format Version 12.00
# Visual Studio Version 17
VisualStudioVersion = 17.0.32014.148
MinimumVisualStudioVersion = 10.0.40219.1
Project("{FAE04EC0-301F-11D3-BF4B-00C04F79EFBC}") = "Pentago.Api", "Pentago.Api\Pentago.Api.csproj", "{2C48EC82-B10D-4381-8118-8C282148EC10}"
EndProject
Project("{FAE04EC0-301F-11D3-BF4B-00C04F79EFBC}") = "Pentago.Services", "Pentago.Services\Pentago.Services.csproj", "{9039CF98-1572-4E4F-BD74-810D10F8FCA3}"
EndProject
Global
	GlobalSection(SolutionConfigurationPlatforms) = preSolution
		Debug|Any CPU = Debug|Any CPU
		Release|Any CPU = Release|Any CPU
	EndGlobalSection
	GlobalSection(ProjectConfigurationPlatforms) = postSolution
		{2C48EC82-B10D-4381-8118-8C282148EC10}.Debug|Any CPU.ActiveCfg = Debug|Any CPU
		{2C48EC82-B10D-4381-8118-8C282148EC10}.Debug|Any CPU.Build.0 = Debug|Any CPU
		{2C48EC82-B10D-4381-8118-8C282148EC10}.Release|Any CPU.ActiveCfg = Release|Any CPU
		{2C48EC82-B10D-4381-8118-8C282148EC10}.Release|Any CPU.Build.0 = Release|Any CPU
		{9039CF98-1572-4E4F-BD74-810D10F8FCA3}.Debug|Any CPU.ActiveCfg = Debug|Any CPU
		{9039CF98-1572-4E4F-BD74-810D10F8FCA3}.Debug|Any CPU.Build.0 = Debug|Any CPU
		{9039CF98-1572-4E4F-BD74-810D10F8FCA3}.Release|Any CPU.ActiveCfg = Release|Any CPU
		{9039CF98-1572-4E4F-BD74-810D10F8FCA3}.Release|Any CPU.Build.0 = Release|Any CPU
	EndGlobalSection
	GlobalSection(SolutionProperties) = preSolution
		HideSolutionNode = FALSE
	EndGlobalSection
	GlobalSection(ExtensibilityGlobals) = postSolution
		SolutionGuid = {F3A55888-0ED9-4548-AFCF-DA387AA788D0}
	EndGlobalSection
EndGlobal
